
Microsoft Visual Studio Solution File, Format Version 12.00
# Visual Studio 15
VisualStudioVersion = 15.0.28307.168
MinimumVisualStudioVersion = 10.0.40219.1
Project("{9A19103F-16F7-4668-BE54-9A1E7A4F7556}") = "Padawan", "Padawan\Padawan.csproj", "{BAD25306-DCE5-4D8C-9102-7105C2D4166E}"
EndProject
Project("{9A19103F-16F7-4668-BE54-9A1E7A4F7556}") = "Padawan.Sample.Web", "Padawan.Sample.Web\Padawan.Sample.Web.csproj", "{105048E7-5608-494C-A234-CFACA78F7B3D}"
EndProject
Project("{2150E333-8FDC-42A3-9474-1A3956D46DE8}") = "Sample", "Sample", "{E60D7D3A-1611-4AE5-ADEA-571434A78172}"
EndProject
Project("{2150E333-8FDC-42A3-9474-1A3956D46DE8}") = "Library", "Library", "{C8EC2DAE-7983-4765-836E-EC8C69E1EACF}"
EndProject
Project("{9A19103F-16F7-4668-BE54-9A1E7A4F7556}") = "Padawan.RabbitMq", "Padawan.RabbitMq\Padawan.RabbitMq.csproj", "{F6D58AF4-078F-40C4-A07E-7E910C08B1B9}"
EndProject
Global
	GlobalSection(SolutionConfigurationPlatforms) = preSolution
		Debug|Any CPU = Debug|Any CPU
		Release|Any CPU = Release|Any CPU
	EndGlobalSection
	GlobalSection(ProjectConfigurationPlatforms) = postSolution
		{BAD25306-DCE5-4D8C-9102-7105C2D4166E}.Debug|Any CPU.ActiveCfg = Debug|Any CPU
		{BAD25306-DCE5-4D8C-9102-7105C2D4166E}.Debug|Any CPU.Build.0 = Debug|Any CPU
		{BAD25306-DCE5-4D8C-9102-7105C2D4166E}.Release|Any CPU.ActiveCfg = Release|Any CPU
		{BAD25306-DCE5-4D8C-9102-7105C2D4166E}.Release|Any CPU.Build.0 = Release|Any CPU
		{105048E7-5608-494C-A234-CFACA78F7B3D}.Debug|Any CPU.ActiveCfg = Debug|Any CPU
		{105048E7-5608-494C-A234-CFACA78F7B3D}.Debug|Any CPU.Build.0 = Debug|Any CPU
		{105048E7-5608-494C-A234-CFACA78F7B3D}.Release|Any CPU.ActiveCfg = Release|Any CPU
		{105048E7-5608-494C-A234-CFACA78F7B3D}.Release|Any CPU.Build.0 = Release|Any CPU
		{F6D58AF4-078F-40C4-A07E-7E910C08B1B9}.Debug|Any CPU.ActiveCfg = Debug|Any CPU
		{F6D58AF4-078F-40C4-A07E-7E910C08B1B9}.Debug|Any CPU.Build.0 = Debug|Any CPU
		{F6D58AF4-078F-40C4-A07E-7E910C08B1B9}.Release|Any CPU.ActiveCfg = Release|Any CPU
		{F6D58AF4-078F-40C4-A07E-7E910C08B1B9}.Release|Any CPU.Build.0 = Release|Any CPU
	EndGlobalSection
	GlobalSection(SolutionProperties) = preSolution
		HideSolutionNode = FALSE
	EndGlobalSection
	GlobalSection(NestedProjects) = preSolution
		{BAD25306-DCE5-4D8C-9102-7105C2D4166E} = {C8EC2DAE-7983-4765-836E-EC8C69E1EACF}
		{105048E7-5608-494C-A234-CFACA78F7B3D} = {E60D7D3A-1611-4AE5-ADEA-571434A78172}
		{F6D58AF4-078F-40C4-A07E-7E910C08B1B9} = {C8EC2DAE-7983-4765-836E-EC8C69E1EACF}
	EndGlobalSection
	GlobalSection(ExtensibilityGlobals) = postSolution
		SolutionGuid = {51DA54FF-85FB-48F8-8FB4-5824E28B5CC6}
	EndGlobalSection
EndGlobal
